
Microsoft Visual Studio Solution File, Format Version 12.00
# Visual Studio Version 17
VisualStudioVersion = 17.3.32901.215
MinimumVisualStudioVersion = 10.0.40219.1
Project("{FAE04EC0-301F-11D3-BF4B-00C04F79EFBC}") = "TP9", "TP9\TP9.csproj", "{0048EE76-762C-45FA-8F1F-EA5ACE427B6A}"
EndProject
Global
	GlobalSection(SolutionConfigurationPlatforms) = preSolution
		Debug|Any CPU = Debug|Any CPU
		Release|Any CPU = Release|Any CPU
	EndGlobalSection
	GlobalSection(ProjectConfigurationPlatforms) = postSolution
		{0048EE76-762C-45FA-8F1F-EA5ACE427B6A}.Debug|Any CPU.ActiveCfg = Debug|Any CPU
		{0048EE76-762C-45FA-8F1F-EA5ACE427B6A}.Debug|Any CPU.Build.0 = Debug|Any CPU
		{0048EE76-762C-45FA-8F1F-EA5ACE427B6A}.Release|Any CPU.ActiveCfg = Release|Any CPU
		{0048EE76-762C-45FA-8F1F-EA5ACE427B6A}.Release|Any CPU.Build.0 = Release|Any CPU
	EndGlobalSection
	GlobalSection(SolutionProperties) = preSolution
		HideSolutionNode = FALSE
	EndGlobalSection
	GlobalSection(ExtensibilityGlobals) = postSolution
		SolutionGuid = {8A9748E7-5562-4991-BD7F-EB05F3573497}
	EndGlobalSection
EndGlobal
