
Microsoft Visual Studio Solution File, Format Version 12.00
# Visual Studio Version 17
VisualStudioVersion = 17.3.32825.248
MinimumVisualStudioVersion = 10.0.40219.1
Project("{FAE04EC0-301F-11D3-BF4B-00C04F79EFBC}") = "TP4", "TP4\TP4.csproj", "{7A36C811-12C2-4254-9645-E309A96AA718}"
EndProject
Global
	GlobalSection(SolutionConfigurationPlatforms) = preSolution
		Debug|Any CPU = Debug|Any CPU
		Release|Any CPU = Release|Any CPU
	EndGlobalSection
	GlobalSection(ProjectConfigurationPlatforms) = postSolution
		{7A36C811-12C2-4254-9645-E309A96AA718}.Debug|Any CPU.ActiveCfg = Debug|Any CPU
		{7A36C811-12C2-4254-9645-E309A96AA718}.Debug|Any CPU.Build.0 = Debug|Any CPU
		{7A36C811-12C2-4254-9645-E309A96AA718}.Release|Any CPU.ActiveCfg = Release|Any CPU
		{7A36C811-12C2-4254-9645-E309A96AA718}.Release|Any CPU.Build.0 = Release|Any CPU
	EndGlobalSection
	GlobalSection(SolutionProperties) = preSolution
		HideSolutionNode = FALSE
	EndGlobalSection
	GlobalSection(ExtensibilityGlobals) = postSolution
		SolutionGuid = {73D62D6D-C171-416D-A972-1988FC644018}
	EndGlobalSection
EndGlobal
