
Microsoft Visual Studio Solution File, Format Version 12.00
# Visual Studio Version 17
VisualStudioVersion = 17.3.32901.215
MinimumVisualStudioVersion = 10.0.40219.1
Project("{FAE04EC0-301F-11D3-BF4B-00C04F79EFBC}") = "TP2", "TP2\TP2.csproj", "{283C7830-9611-4E29-A1E1-9E05699F2AD7}"
EndProject
Global
	GlobalSection(SolutionConfigurationPlatforms) = preSolution
		Debug|Any CPU = Debug|Any CPU
		Release|Any CPU = Release|Any CPU
	EndGlobalSection
	GlobalSection(ProjectConfigurationPlatforms) = postSolution
		{283C7830-9611-4E29-A1E1-9E05699F2AD7}.Debug|Any CPU.ActiveCfg = Debug|Any CPU
		{283C7830-9611-4E29-A1E1-9E05699F2AD7}.Debug|Any CPU.Build.0 = Debug|Any CPU
		{283C7830-9611-4E29-A1E1-9E05699F2AD7}.Release|Any CPU.ActiveCfg = Release|Any CPU
		{283C7830-9611-4E29-A1E1-9E05699F2AD7}.Release|Any CPU.Build.0 = Release|Any CPU
	EndGlobalSection
	GlobalSection(SolutionProperties) = preSolution
		HideSolutionNode = FALSE
	EndGlobalSection
	GlobalSection(ExtensibilityGlobals) = postSolution
		SolutionGuid = {7FA14622-F61B-4530-A627-76EC192875A0}
	EndGlobalSection
EndGlobal
